
Microsoft Visual Studio Solution File, Format Version 12.00
# Visual Studio Version 17
VisualStudioVersion = 17.6.33801.468
MinimumVisualStudioVersion = 10.0.40219.1
Project("{FAE04EC0-301F-11D3-BF4B-00C04F79EFBC}") = "apl2", "apl2\apl2.csproj", "{99EC5BE3-7B21-494F-BFD7-91D8B64CE324}"
EndProject
Global
	GlobalSection(SolutionConfigurationPlatforms) = preSolution
		Debug|Any CPU = Debug|Any CPU
		Release|Any CPU = Release|Any CPU
	EndGlobalSection
	GlobalSection(ProjectConfigurationPlatforms) = postSolution
		{99EC5BE3-7B21-494F-BFD7-91D8B64CE324}.Debug|Any CPU.ActiveCfg = Debug|Any CPU
		{99EC5BE3-7B21-494F-BFD7-91D8B64CE324}.Debug|Any CPU.Build.0 = Debug|Any CPU
		{99EC5BE3-7B21-494F-BFD7-91D8B64CE324}.Release|Any CPU.ActiveCfg = Release|Any CPU
		{99EC5BE3-7B21-494F-BFD7-91D8B64CE324}.Release|Any CPU.Build.0 = Release|Any CPU
	EndGlobalSection
	GlobalSection(SolutionProperties) = preSolution
		HideSolutionNode = FALSE
	EndGlobalSection
	GlobalSection(ExtensibilityGlobals) = postSolution
		SolutionGuid = {EBFF2AA5-EB6D-471F-92EF-D61F649F874A}
	EndGlobalSection
EndGlobal
